
Microsoft Visual Studio Solution File, Format Version 12.00
# Visual Studio Version 17
VisualStudioVersion = 17.0.32126.317
MinimumVisualStudioVersion = 10.0.40219.1
Project("{9A19103F-16F7-4668-BE54-9A1E7A4F7556}") = "FortiClientAutoLogin", "FortiClientAutoLogin\FortiClientAutoLogin.csproj", "{24852E41-878F-4811-ADD5-005D7DDA2593}"
EndProject
Global
	GlobalSection(SolutionConfigurationPlatforms) = preSolution
		Debug|Any CPU = Debug|Any CPU
		Release|Any CPU = Release|Any CPU
	EndGlobalSection
	GlobalSection(ProjectConfigurationPlatforms) = postSolution
		{24852E41-878F-4811-ADD5-005D7DDA2593}.Debug|Any CPU.ActiveCfg = Debug|Any CPU
		{24852E41-878F-4811-ADD5-005D7DDA2593}.Debug|Any CPU.Build.0 = Debug|Any CPU
		{24852E41-878F-4811-ADD5-005D7DDA2593}.Release|Any CPU.ActiveCfg = Release|Any CPU
		{24852E41-878F-4811-ADD5-005D7DDA2593}.Release|Any CPU.Build.0 = Release|Any CPU
	EndGlobalSection
	GlobalSection(SolutionProperties) = preSolution
		HideSolutionNode = FALSE
	EndGlobalSection
	GlobalSection(ExtensibilityGlobals) = postSolution
		SolutionGuid = {FCEA5EAF-C94F-4A60-AE70-74BAD655E231}
	EndGlobalSection
EndGlobal
